// !$*UTF8*$!
{
	archiveVersion = 1;
	classes = {
	};
	objectVersion = 56;
	objects = {

/* Begin PBXBuildFile section */
		9467C2802A1CB75C00FCF5A6 /* AppDelegate.swift in Sources */ = {isa = PBXBuildFile; fileRef = 9467C27F2A1CB75C00FCF5A6 /* AppDelegate.swift */; };
		9467C2822A1CB75C00FCF5A6 /* SceneDelegate.swift in Sources */ = {isa = PBXBuildFile; fileRef = 9467C2812A1CB75C00FCF5A6 /* SceneDelegate.swift */; };
		9467C2842A1CB75C00FCF5A6 /* ViewController.swift in Sources */ = {isa = PBXBuildFile; fileRef = 9467C2832A1CB75C00FCF5A6 /* ViewController.swift */; };
		9467C2892A1CB75E00FCF5A6 /* Assets.xcassets in Resources */ = {isa = PBXBuildFile; fileRef = 9467C2882A1CB75E00FCF5A6 /* Assets.xcassets */; };
		9467C28C2A1CB75E00FCF5A6 /* LaunchScreen.storyboard in Resources */ = {isa = PBXBuildFile; fileRef = 9467C28A2A1CB75E00FCF5A6 /* LaunchScreen.storyboard */; };
		9467C2972A1CB75E00FCF5A6 /* TestPRJTests.swift in Sources */ = {isa = PBXBuildFile; fileRef = 9467C2962A1CB75E00FCF5A6 /* TestPRJTests.swift */; };
		9467C2A12A1CB75E00FCF5A6 /* TestPRJUITests.swift in Sources */ = {isa = PBXBuildFile; fileRef = 9467C2A02A1CB75E00FCF5A6 /* TestPRJUITests.swift */; };
		9467C2A32A1CB75E00FCF5A6 /* TestPRJUITestsLaunchTests.swift in Sources */ = {isa = PBXBuildFile; fileRef = 9467C2A22A1CB75E00FCF5A6 /* TestPRJUITestsLaunchTests.swift */; };
/* End PBXBuildFile section */

/* Begin PBXContainerItemProxy section */
		9467C2932A1CB75E00FCF5A6 /* PBXContainerItemProxy */ = {
			isa = PBXContainerItemProxy;
			containerPortal = 9467C2742A1CB75C00FCF5A6 /* Project object */;
			proxyType = 1;
			remoteGlobalIDString = 9467C27B2A1CB75C00FCF5A6;
			remoteInfo = TestPRJ;
		};
		9467C29D2A1CB75E00FCF5A6 /* PBXContainerItemProxy */ = {
			isa = PBXContainerItemProxy;
			containerPortal = 9467C2742A1CB75C00FCF5A6 /* Project object */;
			proxyType = 1;
			remoteGlobalIDString = 9467C27B2A1CB75C00FCF5A6;
			remoteInfo = TestPRJ;
		};
/* End PBXContainerItemProxy section */

/* Begin PBXFileReference section */
		9467C27C2A1CB75C00FCF5A6 /* TestPRJ.app */ = {isa = PBXFileReference; explicitFileType = wrapper.application; includeInIndex = 0; path = TestPRJ.app; sourceTree = BUILT_PRODUCTS_DIR; };
		9467C27F2A1CB75C00FCF5A6 /* AppDelegate.swift */ = {isa = PBXFileReference; lastKnownFileType = sourcecode.swift; path = AppDelegate.swift; sourceTree = "<group>"; };
		9467C2812A1CB75C00FCF5A6 /* SceneDelegate.swift */ = {isa = PBXFileReference; lastKnownFileType = sourcecode.swift; path = SceneDelegate.swift; sourceTree = "<group>"; };
		9467C2832A1CB75C00FCF5A6 /* ViewController.swift */ = {isa = PBXFileReference; lastKnownFileType = sourcecode.swift; path = ViewController.swift; sourceTree = "<group>"; };
		9467C2882A1CB75E00FCF5A6 /* Assets.xcassets */ = {isa = PBXFileReference; lastKnownFileType = folder.assetcatalog; path = Assets.xcassets; sourceTree = "<group>"; };
		9467C28B2A1CB75E00FCF5A6 /* Base */ = {isa = PBXFileReference; lastKnownFileType = file.storyboard; name = Base; path = Base.lproj/LaunchScreen.storyboard; sourceTree = "<group>"; };
		9467C28D2A1CB75E00FCF5A6 /* Info.plist */ = {isa = PBXFileReference; lastKnownFileType = text.plist.xml; path = Info.plist; sourceTree = "<group>"; };
		9467C2922A1CB75E00FCF5A6 /* TestPRJTests.xctest */ = {isa = PBXFileReference; explicitFileType = wrapper.cfbundle; includeInIndex = 0; path = TestPRJTests.xctest; sourceTree = BUILT_PRODUCTS_DIR; };
		9467C2962A1CB75E00FCF5A6 /* TestPRJTests.swift */ = {isa = PBXFileReference; lastKnownFileType = sourcecode.swift; path = TestPRJTests.swift; sourceTree = "<group>"; };
		9467C29C2A1CB75E00FCF5A6 /* TestPRJUITests.xctest */ = {isa = PBXFileReference; explicitFileType = wrapper.cfbundle; includeInIndex = 0; path = TestPRJUITests.xctest; sourceTree = BUILT_PRODUCTS_DIR; };
		9467C2A02A1CB75E00FCF5A6 /* TestPRJUITests.swift */ = {isa = PBXFileReference; lastKnownFileType = sourcecode.swift; path = TestPRJUITests.swift; sourceTree = "<group>"; };
		9467C2A22A1CB75E00FCF5A6 /* TestPRJUITestsLaunchTests.swift */ = {isa = PBXFileReference; lastKnownFileType = sourcecode.swift; path = TestPRJUITestsLaunchTests.swift; sourceTree = "<group>"; };
/* End PBXFileReference section */

/* Begin PBXFrameworksBuildPhase section */
		9467C2792A1CB75C00FCF5A6 /* Frameworks */ = {
			isa = PBXFrameworksBuildPhase;
			buildActionMask = 2147483647;
			files = (
			);
			runOnlyForDeploymentPostprocessing = 0;
		};
		9467C28F2A1CB75E00FCF5A6 /* Frameworks */ = {
			isa = PBXFrameworksBuildPhase;
			buildActionMask = 2147483647;
			files = (
			);
			runOnlyForDeploymentPostprocessing = 0;
		};
		9467C2992A1CB75E00FCF5A6 /* Frameworks */ = {
			isa = PBXFrameworksBuildPhase;
			buildActionMask = 2147483647;
			files = (
			);
			runOnlyForDeploymentPostprocessing = 0;
		};
/* End PBXFrameworksBuildPhase section */

/* Begin PBXGroup section */
		9467C2732A1CB75C00FCF5A6 = {
			isa = PBXGroup;
			children = (
				9467C27E2A1CB75C00FCF5A6 /* TestPRJ */,
				9467C2952A1CB75E00FCF5A6 /* TestPRJTests */,
				9467C29F2A1CB75E00FCF5A6 /* TestPRJUITests */,
				9467C27D2A1CB75C00FCF5A6 /* Products */,
			);
			sourceTree = "<group>";
		};
		9467C27D2A1CB75C00FCF5A6 /* Products */ = {
			isa = PBXGroup;
			children = (
				9467C27C2A1CB75C00FCF5A6 /* TestPRJ.app */,
				9467C2922A1CB75E00FCF5A6 /* TestPRJTests.xctest */,
				9467C29C2A1CB75E00FCF5A6 /* TestPRJUITests.xctest */,
			);
			name = Products;
			sourceTree = "<group>";
		};
		9467C27E2A1CB75C00FCF5A6 /* TestPRJ */ = {
			isa = PBXGroup;
			children = (
				9467C27F2A1CB75C00FCF5A6 /* AppDelegate.swift */,
				9467C2812A1CB75C00FCF5A6 /* SceneDelegate.swift */,
				9467C2832A1CB75C00FCF5A6 /* ViewController.swift */,
				9467C2882A1CB75E00FCF5A6 /* Assets.xcassets */,
				9467C28A2A1CB75E00FCF5A6 /* LaunchScreen.storyboard */,
				9467C28D2A1CB75E00FCF5A6 /* Info.plist */,
			);
			path = TestPRJ;
			sourceTree = "<group>";
		};
		9467C2952A1CB75E00FCF5A6 /* TestPRJTests */ = {
			isa = PBXGroup;
			children = (
				9467C2962A1CB75E00FCF5A6 /* TestPRJTests.swift */,
			);
			path = TestPRJTests;
			sourceTree = "<group>";
		};
		9467C29F2A1CB75E00FCF5A6 /* TestPRJUITests */ = {
			isa = PBXGroup;
			children = (
				9467C2A02A1CB75E00FCF5A6 /* TestPRJUITests.swift */,
				9467C2A22A1CB75E00FCF5A6 /* TestPRJUITestsLaunchTests.swift */,
			);
			path = TestPRJUITests;
			sourceTree = "<group>";
		};
/* End PBXGroup section */

/* Begin PBXNativeTarget section */
		9467C27B2A1CB75C00FCF5A6 /* TestPRJ */ = {
			isa = PBXNativeTarget;
			buildConfigurationList = 9467C2A62A1CB75E00FCF5A6 /* Build configuration list for PBXNativeTarget "TestPRJ" */;
			buildPhases = (
				9467C2782A1CB75C00FCF5A6 /* Sources */,
				9467C2792A1CB75C00FCF5A6 /* Frameworks */,
				9467C27A2A1CB75C00FCF5A6 /* Resources */,
			);
			buildRules = (
			);
			dependencies = (
			);
			name = TestPRJ;
			productName = TestPRJ;
			productReference = 9467C27C2A1CB75C00FCF5A6 /* TestPRJ.app */;
			productType = "com.apple.product-type.application";
		};
		9467C2912A1CB75E00FCF5A6 /* TestPRJTests */ = {
			isa = PBXNativeTarget;
			buildConfigurationList = 9467C2A92A1CB75E00FCF5A6 /* Build configuration list for PBXNativeTarget "TestPRJTests" */;
			buildPhases = (
				9467C28E2A1CB75E00FCF5A6 /* Sources */,
				9467C28F2A1CB75E00FCF5A6 /* Frameworks */,
				9467C2902A1CB75E00FCF5A6 /* Resources */,
			);
			buildRules = (
			);
			dependencies = (
				9467C2942A1CB75E00FCF5A6 /* PBXTargetDependency */,
			);
			name = TestPRJTests;
			productName = TestPRJTests;
			productReference = 9467C2922A1CB75E00FCF5A6 /* TestPRJTests.xctest */;
			productType = "com.apple.product-type.bundle.unit-test";
		};
		9467C29B2A1CB75E00FCF5A6 /* TestPRJUITests */ = {
			isa = PBXNativeTarget;
			buildConfigurationList = 9467C2AC2A1CB75E00FCF5A6 /* Build configuration list for PBXNativeTarget "TestPRJUITests" */;
			buildPhases = (
				9467C2982A1CB75E00FCF5A6 /* Sources */,
				9467C2992A1CB75E00FCF5A6 /* Frameworks */,
				9467C29A2A1CB75E00FCF5A6 /* Resources */,
			);
			buildRules = (
			);
			dependencies = (
				9467C29E2A1CB75E00FCF5A6 /* PBXTargetDependency */,
			);
			name = TestPRJUITests;
			productName = TestPRJUITests;
			productReference = 9467C29C2A1CB75E00FCF5A6 /* TestPRJUITests.xctest */;
			productType = "com.apple.product-type.bundle.ui-testing";
		};
/* End PBXNativeTarget section */

/* Begin PBXProject section */
		9467C2742A1CB75C00FCF5A6 /* Project object */ = {
			isa = PBXProject;
			attributes = {
				BuildIndependentTargetsInParallel = 1;
				LastSwiftUpdateCheck = 1420;
				LastUpgradeCheck = 1420;
				TargetAttributes = {
					9467C27B2A1CB75C00FCF5A6 = {
						CreatedOnToolsVersion = 14.2;
					};
					9467C2912A1CB75E00FCF5A6 = {
						CreatedOnToolsVersion = 14.2;
						TestTargetID = 9467C27B2A1CB75C00FCF5A6;
					};
					9467C29B2A1CB75E00FCF5A6 = {
						CreatedOnToolsVersion = 14.2;
						TestTargetID = 9467C27B2A1CB75C00FCF5A6;
					};
				};
			};
			buildConfigurationList = 9467C2772A1CB75C00FCF5A6 /* Build configuration list for PBXProject "TestPRJ" */;
			compatibilityVersion = "Xcode 14.0";
			developmentRegion = en;
			hasScannedForEncodings = 0;
			knownRegions = (
				en,
				Base,
			);
			mainGroup = 9467C2732A1CB75C00FCF5A6;
			productRefGroup = 9467C27D2A1CB75C00FCF5A6 /* Products */;
			projectDirPath = "";
			projectRoot = "";
			targets = (
				9467C27B2A1CB75C00FCF5A6 /* TestPRJ */,
				9467C2912A1CB75E00FCF5A6 /* TestPRJTests */,
				9467C29B2A1CB75E00FCF5A6 /* TestPRJUITests */,
			);
		};
/* End PBXProject section */

/* Begin PBXResourcesBuildPhase section */
		9467C27A2A1CB75C00FCF5A6 /* Resources */ = {
			isa = PBXResourcesBuildPhase;
			buildActionMask = 2147483647;
			files = (
				9467C28C2A1CB75E00FCF5A6 /* LaunchScreen.storyboard in Resources */,
				9467C2892A1CB75E00FCF5A6 /* Assets.xcassets in Resources */,
			);
			runOnlyForDeploymentPostprocessing = 0;
		};
		9467C2902A1CB75E00FCF5A6 /* Resources */ = {
			isa = PBXResourcesBuildPhase;
			buildActionMask = 2147483647;
			files = (
			);
			runOnlyForDeploymentPostprocessing = 0;
		};
		9467C29A2A1CB75E00FCF5A6 /* Resources */ = {
			isa = PBXResourcesBuildPhase;
			buildActionMask = 2147483647;
			files = (
			);
			runOnlyForDeploymentPostprocessing = 0;
		};
/* End PBXResourcesBuildPhase section */

/* Begin PBXSourcesBuildPhase section */
		9467C2782A1CB75C00FCF5A6 /* Sources */ = {
			isa = PBXSourcesBuildPhase;
			buildActionMask = 2147483647;
			files = (
				9467C2842A1CB75C00FCF5A6 /* ViewController.swift in Sources */,
				9467C2802A1CB75C00FCF5A6 /* AppDelegate.swift in Sources */,
				9467C2822A1CB75C00FCF5A6 /* SceneDelegate.swift in Sources */,
			);
			runOnlyForDeploymentPostprocessing = 0;
		};
		9467C28E2A1CB75E00FCF5A6 /* Sources */ = {
			isa = PBXSourcesBuildPhase;
			buildActionMask = 2147483647;
			files = (
				9467C2972A1CB75E00FCF5A6 /* TestPRJTests.swift in Sources */,
			);
			runOnlyForDeploymentPostprocessing = 0;
		};
		9467C2982A1CB75E00FCF5A6 /* Sources */ = {
			isa = PBXSourcesBuildPhase;
			buildActionMask = 2147483647;
			files = (
				9467C2A12A1CB75E00FCF5A6 /* TestPRJUITests.swift in Sources */,
				9467C2A32A1CB75E00FCF5A6 /* TestPRJUITestsLaunchTests.swift in Sources */,
			);
			runOnlyForDeploymentPostprocessing = 0;
		};
/* End PBXSourcesBuildPhase section */

/* Begin PBXTargetDependency section */
		9467C2942A1CB75E00FCF5A6 /* PBXTargetDependency */ = {
			isa = PBXTargetDependency;
			target = 9467C27B2A1CB75C00FCF5A6 /* TestPRJ */;
			targetProxy = 9467C2932A1CB75E00FCF5A6 /* PBXContainerItemProxy */;
		};
		9467C29E2A1CB75E00FCF5A6 /* PBXTargetDependency */ = {
			isa = PBXTargetDependency;
			target = 9467C27B2A1CB75C00FCF5A6 /* TestPRJ */;
			targetProxy = 9467C29D2A1CB75E00FCF5A6 /* PBXContainerItemProxy */;
		};
/* End PBXTargetDependency section */

/* Begin PBXVariantGroup section */
		9467C28A2A1CB75E00FCF5A6 /* LaunchScreen.storyboard */ = {
			isa = PBXVariantGroup;
			children = (
				9467C28B2A1CB75E00FCF5A6 /* Base */,
			);
			name = LaunchScreen.storyboard;
			sourceTree = "<group>";
		};
/* End PBXVariantGroup section */

/* Begin XCBuildConfiguration section */
		9467C2A42A1CB75E00FCF5A6 /* Debug */ = {
			isa = XCBuildConfiguration;
			buildSettings = {
				ALWAYS_SEARCH_USER_PATHS = NO;
				CLANG_ANALYZER_NONNULL = YES;
				CLANG_ANALYZER_NUMBER_OBJECT_CONVERSION = YES_AGGRESSIVE;
				CLANG_CXX_LANGUAGE_STANDARD = "gnu++20";
				CLANG_ENABLE_MODULES = YES;
				CLANG_ENABLE_OBJC_ARC = YES;
				CLANG_ENABLE_OBJC_WEAK = YES;
				CLANG_WARN_BLOCK_CAPTURE_AUTORELEASING = YES;
				CLANG_WARN_BOOL_CONVERSION = YES;
				CLANG_WARN_COMMA = YES;
				CLANG_WARN_CONSTANT_CONVERSION = YES;
				CLANG_WARN_DEPRECATED_OBJC_IMPLEMENTATIONS = YES;
				CLANG_WARN_DIRECT_OBJC_ISA_USAGE = YES_ERROR;
				CLANG_WARN_DOCUMENTATION_COMMENTS = YES;
				CLANG_WARN_EMPTY_BODY = YES;
				CLANG_WARN_ENUM_CONVERSION = YES;
				CLANG_WARN_INFINITE_RECURSION = YES;
				CLANG_WARN_INT_CONVERSION = YES;
				CLANG_WARN_NON_LITERAL_NULL_CONVERSION = YES;
				CLANG_WARN_OBJC_IMPLICIT_RETAIN_SELF = YES;
				CLANG_WARN_OBJC_LITERAL_CONVERSION = YES;
				CLANG_WARN_OBJC_ROOT_CLASS = YES_ERROR;
				CLANG_WARN_QUOTED_INCLUDE_IN_FRAMEWORK_HEADER = YES;
				CLANG_WARN_RANGE_LOOP_ANALYSIS = YES;
				CLANG_WARN_STRICT_PROTOTYPES = YES;
				CLANG_WARN_SUSPICIOUS_MOVE = YES;
				CLANG_WARN_UNGUARDED_AVAILABILITY = YES_AGGRESSIVE;
				CLANG_WARN_UNREACHABLE_CODE = YES;
				CLANG_WARN__DUPLICATE_METHOD_MATCH = YES;
				COPY_PHASE_STRIP = NO;
				DEBUG_INFORMATION_FORMAT = dwarf;
				ENABLE_STRICT_OBJC_MSGSEND = YES;
				ENABLE_TESTABILITY = YES;
				GCC_C_LANGUAGE_STANDARD = gnu11;
				GCC_DYNAMIC_NO_PIC = NO;
				GCC_NO_COMMON_BLOCKS = YES;
				GCC_OPTIMIZATION_LEVEL = 0;
				GCC_PREPROCESSOR_DEFINITIONS = (
					"DEBUG=1",
					"$(inherited)",
				);
				GCC_WARN_64_TO_32_BIT_CONVERSION = YES;
				GCC_WARN_ABOUT_RETURN_TYPE = YES_ERROR;
				GCC_WARN_UNDECLARED_SELECTOR = YES;
				GCC_WARN_UNINITIALIZED_AUTOS = YES_AGGRESSIVE;
				GCC_WARN_UNUSED_FUNCTION = YES;
				GCC_WARN_UNUSED_VARIABLE = YES;
				IPHONEOS_DEPLOYMENT_TARGET = 16.2;
				MTL_ENABLE_DEBUG_INFO = INCLUDE_SOURCE;
				MTL_FAST_MATH = YES;
				ONLY_ACTIVE_ARCH = YES;
				SDKROOT = iphoneos;
				SWIFT_ACTIVE_COMPILATION_CONDITIONS = DEBUG;
				SWIFT_OPTIMIZATION_LEVEL = "-Onone";
			};
			name = Debug;
		};
		9467C2A52A1CB75E00FCF5A6 /* Release */ = {
			isa = XCBuildConfiguration;
			buildSettings = {
				ALWAYS_SEARCH_USER_PATHS = NO;
				CLANG_ANALYZER_NONNULL = YES;
				CLANG_ANALYZER_NUMBER_OBJECT_CONVERSION = YES_AGGRESSIVE;
				CLANG_CXX_LANGUAGE_STANDARD = "gnu++20";
				CLANG_ENABLE_MODULES = YES;
				CLANG_ENABLE_OBJC_ARC = YES;
				CLANG_ENABLE_OBJC_WEAK = YES;
				CLANG_WARN_BLOCK_CAPTURE_AUTORELEASING = YES;
				CLANG_WARN_BOOL_CONVERSION = YES;
				CLANG_WARN_COMMA = YES;
				CLANG_WARN_CONSTANT_CONVERSION = YES;
				CLANG_WARN_DEPRECATED_OBJC_IMPLEMENTATIONS = YES;
				CLANG_WARN_DIRECT_OBJC_ISA_USAGE = YES_ERROR;
				CLANG_WARN_DOCUMENTATION_COMMENTS = YES;
				CLANG_WARN_EMPTY_BODY = YES;
				CLANG_WARN_ENUM_CONVERSION = YES;
				CLANG_WARN_INFINITE_RECURSION = YES;
				CLANG_WARN_INT_CONVERSION = YES;
				CLANG_WARN_NON_LITERAL_NULL_CONVERSION = YES;
				CLANG_WARN_OBJC_IMPLICIT_RETAIN_SELF = YES;
				CLANG_WARN_OBJC_LITERAL_CONVERSION = YES;
				CLANG_WARN_OBJC_ROOT_CLASS = YES_ERROR;
				CLANG_WARN_QUOTED_INCLUDE_IN_FRAMEWORK_HEADER = YES;
				CLANG_WARN_RANGE_LOOP_ANALYSIS = YES;
				CLANG_WARN_STRICT_PROTOTYPES = YES;
				CLANG_WARN_SUSPICIOUS_MOVE = YES;
				CLANG_WARN_UNGUARDED_AVAILABILITY = YES_AGGRESSIVE;
				CLANG_WARN_UNREACHABLE_CODE = YES;
				CLANG_WARN__DUPLICATE_METHOD_MATCH = YES;
				COPY_PHASE_STRIP = NO;
				DEBUG_INFORMATION_FORMAT = "dwarf-with-dsym";
				ENABLE_NS_ASSERTIONS = NO;
				ENABLE_STRICT_OBJC_MSGSEND = YES;
				GCC_C_LANGUAGE_STANDARD = gnu11;
				GCC_NO_COMMON_BLOCKS = YES;
				GCC_WARN_64_TO_32_BIT_CONVERSION = YES;
				GCC_WARN_ABOUT_RETURN_TYPE = YES_ERROR;
				GCC_WARN_UNDECLARED_SELECTOR = YES;
				GCC_WARN_UNINITIALIZED_AUTOS = YES_AGGRESSIVE;
				GCC_WARN_UNUSED_FUNCTION = YES;
				GCC_WARN_UNUSED_VARIABLE = YES;
				IPHONEOS_DEPLOYMENT_TARGET = 16.2;
				MTL_ENABLE_DEBUG_INFO = NO;
				MTL_FAST_MATH = YES;
				SDKROOT = iphoneos;
				SWIFT_COMPILATION_MODE = wholemodule;
				SWIFT_OPTIMIZATION_LEVEL = "-O";
				VALIDATE_PRODUCT = YES;
			};
			name = Release;
		};
		9467C2A72A1CB75E00FCF5A6 /* Debug */ = {
			isa = XCBuildConfiguration;
			buildSettings = {
				ASSETCATALOG_COMPILER_APPICON_NAME = AppIcon;
				ASSETCATALOG_COMPILER_GLOBAL_ACCENT_COLOR_NAME = AccentColor;
				CODE_SIGN_STYLE = Automatic;
				CURRENT_PROJECT_VERSION = 1;
				DEVELOPMENT_TEAM = U3CGT88S32;
				GENERATE_INFOPLIST_FILE = YES;
				INFOPLIST_FILE = TestPRJ/Info.plist;
				INFOPLIST_KEY_UIApplicationSupportsIndirectInputEvents = YES;
				INFOPLIST_KEY_UILaunchStoryboardName = LaunchScreen;
				INFOPLIST_KEY_UISupportedInterfaceOrientations_iPad = "UIInterfaceOrientationPortrait UIInterfaceOrientationPortraitUpsideDown UIInterfaceOrientationLandscapeLeft UIInterfaceOrientationLandscapeRight";
				INFOPLIST_KEY_UISupportedInterfaceOrientations_iPhone = "UIInterfaceOrientationPortrait UIInterfaceOrientationLandscapeLeft UIInterfaceOrientationLandscapeRight";
				LD_RUNPATH_SEARCH_PATHS = (
					"$(inherited)",
					"@executable_path/Frameworks",
				);
				MARKETING_VERSION = 1.0;
				PRODUCT_BUNDLE_IDENTIFIER = com.myorganization.TestPRJ;
				PRODUCT_NAME = "$(TARGET_NAME)";
				SWIFT_EMIT_LOC_STRINGS = YES;
				SWIFT_VERSION = 5.0;
				TARGETED_DEVICE_FAMILY = "1,2";
			};
			name = Debug;
		};
		9467C2A82A1CB75E00FCF5A6 /* Release */ = {
			isa = XCBuildConfiguration;
			buildSettings = {
				ASSETCATALOG_COMPILER_APPICON_NAME = AppIcon;
				ASSETCATALOG_COMPILER_GLOBAL_ACCENT_COLOR_NAME = AccentColor;
				CODE_SIGN_STYLE = Automatic;
				CURRENT_PROJECT_VERSION = 1;
				DEVELOPMENT_TEAM = U3CGT88S32;
				GENERATE_INFOPLIST_FILE = YES;
				INFOPLIST_FILE = TestPRJ/Info.plist;
				INFOPLIST_KEY_UIApplicationSupportsIndirectInputEvents = YES;
				INFOPLIST_KEY_UILaunchStoryboardName = LaunchScreen;
				INFOPLIST_KEY_UISupportedInterfaceOrientations_iPad = "UIInterfaceOrientationPortrait UIInterfaceOrientationPortraitUpsideDown UIInterfaceOrientationLandscapeLeft UIInterfaceOrientationLandscapeRight";
				INFOPLIST_KEY_UISupportedInterfaceOrientations_iPhone = "UIInterfaceOrientationPortrait UIInterfaceOrientationLandscapeLeft UIInterfaceOrientationLandscapeRight";
				LD_RUNPATH_SEARCH_PATHS = (
					"$(inherited)",
					"@executable_path/Frameworks",
				);
				MARKETING_VERSION = 1.0;
				PRODUCT_BUNDLE_IDENTIFIER = com.myorganization.TestPRJ;
				PRODUCT_NAME = "$(TARGET_NAME)";
				SWIFT_EMIT_LOC_STRINGS = YES;
				SWIFT_VERSION = 5.0;
				TARGETED_DEVICE_FAMILY = "1,2";
			};
			name = Release;
		};
		9467C2AA2A1CB75E00FCF5A6 /* Debug */ = {
			isa = XCBuildConfiguration;
			buildSettings = {
				ALWAYS_EMBED_SWIFT_STANDARD_LIBRARIES = YES;
				BUNDLE_LOADER = "$(TEST_HOST)";
				CODE_SIGN_STYLE = Automatic;
				CURRENT_PROJECT_VERSION = 1;
				DEVELOPMENT_TEAM = U3CGT88S32;
				GENERATE_INFOPLIST_FILE = YES;
				IPHONEOS_DEPLOYMENT_TARGET = 16.2;
				MARKETING_VERSION = 1.0;
				PRODUCT_BUNDLE_IDENTIFIER = com.myorganization.TestPRJTests;
				PRODUCT_NAME = "$(TARGET_NAME)";
				SWIFT_EMIT_LOC_STRINGS = NO;
				SWIFT_VERSION = 5.0;
				TARGETED_DEVICE_FAMILY = "1,2";
				TEST_HOST = "$(BUILT_PRODUCTS_DIR)/TestPRJ.app/$(BUNDLE_EXECUTABLE_FOLDER_PATH)/TestPRJ";
			};
			name = Debug;
		};
		9467C2AB2A1CB75E00FCF5A6 /* Release */ = {
			isa = XCBuildConfiguration;
			buildSettings = {
				ALWAYS_EMBED_SWIFT_STANDARD_LIBRARIES = YES;
				BUNDLE_LOADER = "$(TEST_HOST)";
				CODE_SIGN_STYLE = Automatic;
				CURRENT_PROJECT_VERSION = 1;
				DEVELOPMENT_TEAM = U3CGT88S32;
				GENERATE_INFOPLIST_FILE = YES;
				IPHONEOS_DEPLOYMENT_TARGET = 16.2;
				MARKETING_VERSION = 1.0;
				PRODUCT_BUNDLE_IDENTIFIER = com.myorganization.TestPRJTests;
				PRODUCT_NAME = "$(TARGET_NAME)";
				SWIFT_EMIT_LOC_STRINGS = NO;
				SWIFT_VERSION = 5.0;
				TARGETED_DEVICE_FAMILY = "1,2";
				TEST_HOST = "$(BUILT_PRODUCTS_DIR)/TestPRJ.app/$(BUNDLE_EXECUTABLE_FOLDER_PATH)/TestPRJ";
			};
			name = Release;
		};
		9467C2AD2A1CB75E00FCF5A6 /* Debug */ = {
			isa = XCBuildConfiguration;
			buildSettings = {
				ALWAYS_EMBED_SWIFT_STANDARD_LIBRARIES = YES;
				CODE_SIGN_STYLE = Automatic;
				CURRENT_PROJECT_VERSION = 1;
				DEVELOPMENT_TEAM = U3CGT88S32;
				GENERATE_INFOPLIST_FILE = YES;
				MARKETING_VERSION = 1.0;
				PRODUCT_BUNDLE_IDENTIFIER = com.myorganization.TestPRJUITests;
				PRODUCT_NAME = "$(TARGET_NAME)";
				SWIFT_EMIT_LOC_STRINGS = NO;
				SWIFT_VERSION = 5.0;
				TARGETED_DEVICE_FAMILY = "1,2";
				TEST_TARGET_NAME = TestPRJ;
			};
			name = Debug;
		};
		9467C2AE2A1CB75E00FCF5A6 /* Release */ = {
			isa = XCBuildConfiguration;
			buildSettings = {
				ALWAYS_EMBED_SWIFT_STANDARD_LIBRARIES = YES;
				CODE_SIGN_STYLE = Automatic;
				CURRENT_PROJECT_VERSION = 1;
				DEVELOPMENT_TEAM = U3CGT88S32;
				GENERATE_INFOPLIST_FILE = YES;
				MARKETING_VERSION = 1.0;
				PRODUCT_BUNDLE_IDENTIFIER = com.myorganization.TestPRJUITests;
				PRODUCT_NAME = "$(TARGET_NAME)";
				SWIFT_EMIT_LOC_STRINGS = NO;
				SWIFT_VERSION = 5.0;
				TARGETED_DEVICE_FAMILY = "1,2";
				TEST_TARGET_NAME = TestPRJ;
			};
			name = Release;
		};
/* End XCBuildConfiguration section */

/* Begin XCConfigurationList section */
		9467C2772A1CB75C00FCF5A6 /* Build configuration list for PBXProject "TestPRJ" */ = {
			isa = XCConfigurationList;
			buildConfigurations = (
				9467C2A42A1CB75E00FCF5A6 /* Debug */,
				9467C2A52A1CB75E00FCF5A6 /* Release */,
			);
			defaultConfigurationIsVisible = 0;
			defaultConfigurationName = Release;
		};
		9467C2A62A1CB75E00FCF5A6 /* Build configuration list for PBXNativeTarget "TestPRJ" */ = {
			isa = XCConfigurationList;
			buildConfigurations = (
				9467C2A72A1CB75E00FCF5A6 /* Debug */,
				9467C2A82A1CB75E00FCF5A6 /* Release */,
			);
			defaultConfigurationIsVisible = 0;
			defaultConfigurationName = Release;
		};
		9467C2A92A1CB75E00FCF5A6 /* Build configuration list for PBXNativeTarget "TestPRJTests" */ = {
			isa = XCConfigurationList;
			buildConfigurations = (
				9467C2AA2A1CB75E00FCF5A6 /* Debug */,
				9467C2AB2A1CB75E00FCF5A6 /* Release */,
			);
			defaultConfigurationIsVisible = 0;
			defaultConfigurationName = Release;
		};
		9467C2AC2A1CB75E00FCF5A6 /* Build configuration list for PBXNativeTarget "TestPRJUITests" */ = {
			isa = XCConfigurationList;
			buildConfigurations = (
				9467C2AD2A1CB75E00FCF5A6 /* Debug */,
				9467C2AE2A1CB75E00FCF5A6 /* Release */,
			);
			defaultConfigurationIsVisible = 0;
			defaultConfigurationName = Release;
		};
/* End XCConfigurationList section */
	};
	rootObject = 9467C2742A1CB75C00FCF5A6 /* Project object */;
}
